lockfileVersion: '6.0'

settings:
  autoInstallPeers: true
  excludeLinksFromLockfile: false

dependencies:
  eventemitter3:
    specifier: ^5.0.1
    version: 5.0.1
  jose:
    specifier: ^5.2.0
    version: 5.2.0
  tslib:
    specifier: ^2.6.2
    version: 2.6.2
  yjs:
    specifier: ^13.6.11
    version: 13.6.11

devDependencies:
  '@ndn/endpoint':
    specifier: https://ndnts-nightly.ndn.today/endpoint.tgz
    version: '@ndnts-nightly.ndn.today/endpoint.tgz'
  '@ndn/fw':
    specifier: https://ndnts-nightly.ndn.today/fw.tgz
    version: '@ndnts-nightly.ndn.today/fw.tgz'
  '@ndn/keychain':
    specifier: https://ndnts-nightly.ndn.today/keychain.tgz
    version: '@ndnts-nightly.ndn.today/keychain.tgz'
  '@ndn/l3face':
    specifier: https://ndnts-nightly.ndn.today/l3face.tgz
    version: '@ndnts-nightly.ndn.today/l3face.tgz'
  '@ndn/naming-convention2':
    specifier: https://ndnts-nightly.ndn.today/naming-convention2.tgz
    version: '@ndnts-nightly.ndn.today/naming-convention2.tgz'
  '@ndn/ndncert':
    specifier: https://ndnts-nightly.ndn.today/ndncert.tgz
    version: '@ndnts-nightly.ndn.today/ndncert.tgz'
  '@ndn/ndnsec':
    specifier: https://ndnts-nightly.ndn.today/ndnsec.tgz
    version: '@ndnts-nightly.ndn.today/ndnsec.tgz'
  '@ndn/nfdmgmt':
    specifier: https://ndnts-nightly.ndn.today/nfdmgmt.tgz
    version: '@ndnts-nightly.ndn.today/nfdmgmt.tgz'
  '@ndn/node-transport':
    specifier: https://ndnts-nightly.ndn.today/node-transport.tgz
    version: '@ndnts-nightly.ndn.today/node-transport.tgz'
  '@ndn/packet':
    specifier: https://ndnts-nightly.ndn.today/packet.tgz
    version: '@ndnts-nightly.ndn.today/packet.tgz'
  '@ndn/segmented-object':
    specifier: https://ndnts-nightly.ndn.today/segmented-object.tgz
    version: '@ndnts-nightly.ndn.today/segmented-object.tgz'
  '@ndn/sync':
    specifier: https://ndnts-nightly.ndn.today/sync.tgz
    version: '@ndnts-nightly.ndn.today/sync.tgz'
  '@ndn/tlv':
    specifier: https://ndnts-nightly.ndn.today/tlv.tgz
    version: '@ndnts-nightly.ndn.today/tlv.tgz'
  '@ndn/util':
    specifier: https://ndnts-nightly.ndn.today/util.tgz
    version: '@ndnts-nightly.ndn.today/util.tgz'
  '@ndn/ws-transport':
    specifier: https://ndnts-nightly.ndn.today/ws-transport.tgz
    version: '@ndnts-nightly.ndn.today/ws-transport.tgz'
  '@types/wicg-file-system-access':
    specifier: ^2023.10.4
    version: 2023.10.4
  abortable-iterator:
    specifier: ^5.0.1
    version: 5.0.1
  it-pushable:
    specifier: ^3.2.3
    version: 3.2.3
  p-defer:
    specifier: ^4.0.0
    version: 4.0.0
  streaming-iterables:
    specifier: ^8.0.1
    version: 8.0.1

packages:

  /@noble/ed25519@2.0.0:
    resolution: {integrity: sha512-/extjhkwFupyopDrt80OMWKdLgP429qLZj+z6sYJz90rF2Iz0gjZh2ArMKPImUl13Kx+0EXI2hN9T/KJV0/Zng==}
    dev: true

  /@root/encoding@1.0.1:
    resolution: {integrity: sha512-OaEub02ufoU038gy6bsNHQOjIn8nUjGiLcaRmJ40IUykneJkIW5fxDqKxQx48cszuNflYldsJLPPXCrGfHs8yQ==}
    dev: true

  /@selderee/plugin-htmlparser2@0.11.0:
    resolution: {integrity: sha512-P33hHGdldxGabLFjPPpaTxVolMrzrcegejx+0GxjrIb9Zv48D8yAIA/QTDR2dFl7Uz7urX8aX6+5bCZslr+gWQ==}
    dependencies:
      domhandler: 5.0.3
      selderee: 0.11.0
    dev: true

  /@types/imap@0.8.40:
    resolution: {integrity: sha512-kWFwOc88CGwWZlHqCnZiceS6EralsAHdjpQyk1+fIA875NQdIHvLpdD5NU3Pi1yZ8FKFdOF81UDNAo8/XS6HiQ==}
    dependencies:
      '@types/node': 20.11.6
    dev: true

  /@types/minimalistic-assert@1.0.3:
    resolution: {integrity: sha512-Ku87cam4YxiXcEpeUemo+vO8QWGQ7U2CwEEcLcYFhxG8b4CK8gWxSX/oWjePWKwqPaWWxxVqXAdAjGdlJtVzDA==}
    dev: true

  /@types/node@20.11.6:
    resolution: {integrity: sha512-+EOokTnksGVgip2PbYbr3xnR7kZigh4LbybAfBAw5BpnQ+FqBYUsvCEjYd70IXKlbohQ64mzEYmMtlWUY8q//Q==}
    dependencies:
      undici-types: 5.26.5
    dev: true

  /@types/nodemailer@6.4.14:
    resolution: {integrity: sha512-fUWthHO9k9DSdPCSPRqcu6TWhYyxTBg382vlNIttSe9M7XfsT06y0f24KHXtbnijPGGRIcVvdKHTNikOI6qiHA==}
    dependencies:
      '@types/node': 20.11.6
    dev: true

  /@types/retry@0.12.5:
    resolution: {integrity: sha512-3xSjTp3v03X/lSQLkczaN9UIEwJMoMCA1+Nb5HfbJEQWogdeQIyVtTvxPXDQjZ5zws8rFQfVfRdz03ARihPJgw==}
    dev: true

  /@types/root__asn1@1.0.5:
    resolution: {integrity: sha512-halz3HrALf1N4pUJrtQrH6mdWPczXwshoWjuxmx49riKMJv2MZGKXnauk0RjlnRzM0rlwiAJRlMT9FtSjnF2kw==}
    dev: true

  /@types/wicg-file-system-access@2023.10.4:
    resolution: {integrity: sha512-ewOj7hWhsUTS2+aY6zY+7BwlgqGBj5ZXxKuHt3TAWpIJH0bDW/6bO1N1SdUDAzV8r0Nc+/ZtpAEETYTwrehBMw==}
    dev: true

  /@types/ws@8.5.10:
    resolution: {integrity: sha512-vmQSUcfalpIq0R9q7uTo2lXs6eGIpt9wtnLdMv9LVpIjCA/+ufZRozlVoVelIYixx1ugCBKDhn89vnsEGOCx9A==}
    dependencies:
      '@types/node': 20.11.6
    dev: true

  /@yoursunny/asn1@0.0.20200718:
    resolution: {integrity: sha512-PFM+/rP/GHm1i37NlbZp8+piK2WVzEbq8rai71dlNN+njF3gaUVKDPgmTRIs18j99XeM/n71NFiaGr4QPbHF3g==}
    dependencies:
      '@root/encoding': 1.0.1
      '@types/root__asn1': 1.0.5
    dev: true

  /@yoursunny/webcrypto-ed25519@0.0.20230624:
    resolution: {integrity: sha512-MK7bBOryLF1WeT8OUrohR+30yMXVukDSK1p6xPPYGJ+tYZPDkL2LzS+y+k8VKP5wl8aDCo3KRddGHQYnHjd57Q==}
    dependencies:
      '@noble/ed25519': 2.0.0
      '@yoursunny/asn1': 0.0.20200718
      b64u-lite: 1.1.0
      compare-versions: 6.0.0-rc.1
    dev: true

  /abortable-iterator@5.0.1:
    resolution: {integrity: sha512-hlZ5Z8UwqrKsJcelVPEqDduZowJPBQJ9ZhBC2FXpja3lXy8X6MoI5uMzIgmrA8+3jcVnp8TF/tx+IBBqYJNUrg==}
    engines: {node: '>=16.0.0', npm: '>=7.0.0'}
    dependencies:
      get-iterator: 2.0.1
      it-stream-types: 2.0.1
    dev: true

  /ajv@8.12.0:
    resolution: {integrity: sha512-sRu1kpcO9yLtYxBKvqfTeh9KzZEwO3STyX1HT+4CaDzC6HpTGYhIhPIzj9XuKU7KYDwnaeh5hcOwjy1QuJzBPA==}
    dependencies:
      fast-deep-equal: 3.1.3
      json-schema-traverse: 1.0.0
      require-from-string: 2.0.2
      uri-js: 4.4.1
    dev: true

  /applymixins@1.1.0:
    resolution: {integrity: sha512-mLvdWWGyCbRJyLC0BJCRu1m/642aVVq3kIwD1MWwmdedkVGwXVrx5D85EhkAtb4NgkCfVTDwacIhTDeX3gu55w==}
    dev: true

  /b64-lite@1.4.0:
    resolution: {integrity: sha512-aHe97M7DXt+dkpa8fHlCcm1CnskAHrJqEfMI0KN7dwqlzml/aUe1AGt6lk51HzrSfVD67xOso84sOpr+0wIe2w==}
    dependencies:
      base-64: 0.1.0
    dev: true

  /b64u-lite@1.1.0:
    resolution: {integrity: sha512-929qWGDVCRph7gQVTC6koHqQIpF4vtVaSbwLltFQo44B1bYUquALswZdBKFfrJCPEnsCOvWkJsPdQYZ/Ukhw8A==}
    dependencies:
      b64-lite: 1.4.0
    dev: true

  /base-64@0.1.0:
    resolution: {integrity: sha512-Y5gU45svrR5tI2Vt/X9GPd3L0HNIKzGu202EjxrXMpuc2V2CiKgemAbUUsqYmZJvPtCXoUKjNZwBJzsNScUbXA==}
    dev: true

  /buffer-compare@1.1.1:
    resolution: {integrity: sha512-O6NvNiHZMd3mlIeMDjP6t/gPG75OqGPeiRZXoMQZJ6iy9GofCls4Ijs5YkPZZwoysizLiedhticmdyx/GyHghA==}
    dev: true

  /compare-versions@6.0.0-rc.1:
    resolution: {integrity: sha512-cFhkjbGY1jLFWIV7KegECbfuyYPxSGvgGkdkfM+ibboQDoPwg2FRHm5BSNTOApiauRBzJIQH7qvOJs2sW5ueKQ==}
    dev: true

  /core-util-is@1.0.3:
    resolution: {integrity: sha512-ZQBvi1DcpJ4GDqanjucZ2Hj3wEO5pZDS89BWbkcrvdxksJorwUDDZamX9ldFkp9aw2lmBDLgkObEA4DWNJ9FYQ==}
    dev: true

  /cross-spawn@7.0.3:
    resolution: {integrity: sha512-iRDPJKUPVEND7dHPO8rkbOnPpyDygcDFtWjpeWNCgy8WP2rXcxXL8TskReQl6OrB2G7+UJrags1q15Fudc7G6w==}
    engines: {node: '>= 8'}
    dependencies:
      path-key: 3.1.1
      shebang-command: 2.0.0
      which: 2.0.2
    dev: true

  /deepmerge@4.3.1:
    resolution: {integrity: sha512-3sUqbMEc77XqpdNO7FRyRog+eW3ph+GYCbj+rK+uYyRMuwsVy0rMiVtPn+QJlKFvWP/1PYpapqYn0Me2knFn+A==}
    engines: {node: '>=0.10.0'}
    dev: true

  /dom-serializer@2.0.0:
    resolution: {integrity: sha512-wIkAryiqt/nV5EQKqQpo3SToSOV9J0DnbJqwK7Wv/Trc92zIAYZ4FlMu+JPFW1DfGFt81ZTCGgDEabffXeLyJg==}
    dependencies:
      domelementtype: 2.3.0
      domhandler: 5.0.3
      entities: 4.5.0
    dev: true

  /domelementtype@2.3.0:
    resolution: {integrity: sha512-OLETBj6w0OsagBwdXnPdN0cnMfF9opN69co+7ZrbfPGrdpPVNBUj02spi6B1N7wChLQiPn4CSH/zJvXw56gmHw==}
    dev: true

  /domhandler@5.0.3:
    resolution: {integrity: sha512-cgwlv/1iFQiFnU96XXgROh8xTeetsnJiDsTc7TYCLFd9+/WNkIqPTxiM/8pSd8VIrhXGTf1Ny1q1hquVqDJB5w==}
    engines: {node: '>= 4'}
    dependencies:
      domelementtype: 2.3.0
    dev: true

  /domutils@3.1.0:
    resolution: {integrity: sha512-H78uMmQtI2AhgDJjWeQmHwJJ2bLPD3GMmO7Zja/ZZh84wkm+4ut+IUnUdRa8uCGX88DiVx1j6FRe1XfxEgjEZA==}
    dependencies:
      dom-serializer: 2.0.0
      domelementtype: 2.3.0
      domhandler: 5.0.3
    dev: true

  /encoding-japanese@2.0.0:
    resolution: {integrity: sha512-++P0RhebUC8MJAwJOsT93dT+5oc5oPImp1HubZpAuCZ5kTLnhuuBhKHj2jJeO/Gj93idPBWmIuQ9QWMe5rX3pQ==}
    engines: {node: '>=8.10.0'}
    dev: true

  /entities@4.5.0:
    resolution: {integrity: sha512-V0hjH4dGPh9Ao5p0MoRY6BVqtwCjhz6vI5LT8AJ55H+4g9/4vbHx1I54fS0XuclLhDHArPQCiMjDxjaL8fPxhw==}
    engines: {node: '>=0.12'}
    dev: true

  /event-iterator@2.0.0:
    resolution: {integrity: sha512-KGft0ldl31BZVV//jj+IAIGCxkvvUkkON+ScH6zfoX+l+omX6001ggyRSpI0Io2Hlro0ThXotswCtfzS8UkIiQ==}
    dev: true

  /eventemitter3@5.0.1:
    resolution: {integrity: sha512-GWkBvjiSZK87ELrYOSESUYeVIc9mvLLf/nXalMOS5dYrgZq9o5OVkbZAVM06CVxYsCwH9BDZFPlQTlPA1j4ahA==}
    dev: false

  /execa@8.0.1:
    resolution: {integrity: sha512-VyhnebXciFV2DESc+p6B+y0LjSm0krU4OgJN44qFAhBY0TJ+1V61tYD2+wHusZ6F9n5K+vl8k0sTy7PEfV4qpg==}
    engines: {node: '>=16.17'}
    dependencies:
      cross-spawn: 7.0.3
      get-stream: 8.0.1
      human-signals: 5.0.0
      is-stream: 3.0.0
      merge-stream: 2.0.0
      npm-run-path: 5.2.0
      onetime: 6.0.0
      signal-exit: 4.1.0
      strip-final-newline: 3.0.0
    dev: true

  /fast-deep-equal@3.1.3:
    resolution: {integrity: sha512-f3qQ9oQy9j2AhBe/H9VC91wLmKBCCU/gDOnKNAYG5hswO7BLKj09Hc5HYNz9cGI++xlpDCIgDaitVs03ATR84Q==}
    dev: true

  /get-iterator@1.0.2:
    resolution: {integrity: sha512-v+dm9bNVfOYsY1OrhaCrmyOcYoSeVvbt+hHZ0Au+T+p1y+0Uyj9aMaGIeUTT6xdpRbWzDeYKvfOslPhggQMcsg==}
    dev: true

  /get-iterator@2.0.1:
    resolution: {integrity: sha512-7HuY/hebu4gryTDT7O/XY/fvY9wRByEGdK6QOa4of8npTcv0+NS6frFKABcf6S9EBAsveTuKTsZQQBFMMNILIg==}
    dev: true

  /get-stream@8.0.1:
    resolution: {integrity: sha512-VaUJspBffn/LMCJVoMvSAdmscJyS1auj5Zulnn5UoYcY531UWmdwhRWkcGKnGU93m5HSXP9LP2usOryrBtQowA==}
    engines: {node: '>=16'}
    dev: true

  /he@1.2.0:
    resolution: {integrity: sha512-F/1DnUGPopORZi0ni+CvrCgHQ5FyEAHRLSApuYWMmrbSwoN2Mn/7k+Gl38gJnR7yyDZk6WLXwiGod1JOWNDKGw==}
    hasBin: true
    dev: true

  /hirestime@7.0.3:
    resolution: {integrity: sha512-XmjAwwjLJlDjVVljWht/+Pb6vTfs6A0z2ZpaCkVmzEkwiZcO/+lbj1DsxpsDvkVprYHCmNBxTr7tUohdlxG2Hw==}
    engines: {node: '>=6.0'}
    dev: true

  /html-to-text@9.0.5:
    resolution: {integrity: sha512-qY60FjREgVZL03vJU6IfMV4GDjGBIoOyvuFdpBDIX9yTlDw0TjxVBQp+P8NvpdIXNJvfWBTNul7fsAQJq2FNpg==}
    engines: {node: '>=14'}
    dependencies:
      '@selderee/plugin-htmlparser2': 0.11.0
      deepmerge: 4.3.1
      dom-serializer: 2.0.0
      htmlparser2: 8.0.2
      selderee: 0.11.0
    dev: true

  /htmlparser2@8.0.2:
    resolution: {integrity: sha512-GYdjWKDkbRLkZ5geuHs5NY1puJ+PXwP7+fHPRz06Eirsb9ugf6d8kkXav6ADhcODhFFPMIXyxkxSuMf3D6NCFA==}
    dependencies:
      domelementtype: 2.3.0
      domhandler: 5.0.3
      domutils: 3.1.0
      entities: 4.5.0
    dev: true

  /human-signals@5.0.0:
    resolution: {integrity: sha512-AXcZb6vzzrFAUE61HnN4mpLqd/cSIwNQjtNWR0euPm6y0iqx3G4gOXaIDdtdDwZmhwe82LA6+zinmW4UBWVePQ==}
    engines: {node: '>=16.17.0'}
    dev: true

  /iconv-lite@0.6.3:
    resolution: {integrity: sha512-4fCk79wshMdzMp2rH06qWrJE4iolqLhCUH+OiuIgU++RB0+94NlDL81atO7GX55uUKueo0txHNtvEyI6D7WdMw==}
    engines: {node: '>=0.10.0'}
    dependencies:
      safer-buffer: 2.1.2
    dev: true

  /idb-keyval@6.2.1:
    resolution: {integrity: sha512-8Sb3veuYCyrZL+VBt9LJfZjLUPWVvqn8tG28VqYNFCo43KHcKuq+b4EiXGeuaLAQWL2YmyDgMp2aSpH9JHsEQg==}
    dev: true

  /imap-emails@1.0.4(tslib@2.6.2):
    resolution: {integrity: sha512-qL/vp+xVSKFPuqyyCwMykY9SF3ec+4ZNeLCu90AKlwukG6YMQDo5rvtDIViZy45M9Fk82s3jQif7ZpclX2gapA==}
    peerDependencies:
      tslib: ^2.3.0
    dependencies:
      imap: 0.8.19
      mailparser: 3.6.6
      tslib: 2.6.2
    dev: true

  /imap@0.8.19:
    resolution: {integrity: sha512-z5DxEA1uRnZG73UcPA4ES5NSCGnPuuouUx43OPX7KZx1yzq3N8/vx2mtXEShT5inxB3pRgnfG1hijfu7XN2YMw==}
    engines: {node: '>=0.8.0'}
    dependencies:
      readable-stream: 1.1.14
      utf7: 1.0.2
    dev: true

  /inherits@2.0.4:
    resolution: {integrity: sha512-k/vGaX4/Yla3WzyMCvTQOXYeIHvqOKtnqBduzTHpzpQZzAskKMhZ2K+EnBiSM9zGSoIFeMpXKxa4dYeZIQqewQ==}
    dev: true

  /is-stream@3.0.0:
    resolution: {integrity: sha512-LnQR4bZ9IADDRSkvpqMGvt/tEJWclzklNgSw48V5EAaAeDd6qGvN8ei6k5p0tvxSR171VmGyHuTiAOfxAbr8kA==}
    engines: {node: ^12.20.0 || ^14.13.1 || >=16.0.0}
    dev: true

  /isarray@0.0.1:
    resolution: {integrity: sha512-D2S+3GLxWH+uhrNEcoh/fnmYeP8E8/zHl644d/jdA0g2uyXvy3sb0qxotE+ne0LtccHknQzWwZEzhak7oJ0COQ==}
    dev: true

  /isexe@2.0.0:
    resolution: {integrity: sha512-RHxMLp9lnKHGHRng9QFhRCMbYAcVpn69smSGcq3f36xjgVVWThj4qqLbTLlq7Ssj8B+fIQ1EuCEGI2lKsyQeIw==}
    dev: true

  /isomorphic.js@0.2.5:
    resolution: {integrity: sha512-PIeMbHqMt4DnUP3MA/Flc0HElYjMXArsw1qwJZcm9sqR8mq3l8NYizFMty0pWwE/tzIGH3EKK5+jes5mAr85yw==}
    dev: false

  /it-keepalive@1.2.0:
    resolution: {integrity: sha512-YdV0VcVIkq0i26MFx9JC9tZcRApeJnOaLSDJEaNqJ55RjJHnUpCjPqeFj6An84lrP/Y9iNyHwHhgDOMF7nNbdw==}
    dependencies:
      get-iterator: 1.0.2
    dev: true

  /it-pushable@3.2.3:
    resolution: {integrity: sha512-gzYnXYK8Y5t5b/BnJUr7glfQLO4U5vyb05gPx/TyTw+4Bv1zM9gFk4YsOrnulWefMewlphCjKkakFvj1y99Tcg==}
    dependencies:
      p-defer: 4.0.0
    dev: true

  /it-stream-types@2.0.1:
    resolution: {integrity: sha512-6DmOs5r7ERDbvS4q8yLKENcj6Yecr7QQTqWApbZdfAUTEC947d+PEha7PCqhm//9oxaLYL7TWRekwhoXl2s6fg==}
    engines: {node: '>=16.0.0', npm: '>=7.0.0'}
    dev: true

  /jose@5.2.0:
    resolution: {integrity: sha512-oW3PCnvyrcm1HMvGTzqjxxfnEs9EoFOFWi2HsEGhlFVOXxTE3K9GKWVMFoFw06yPUqwpvEWic1BmtUZBI/tIjw==}
    dev: false

  /json-schema-traverse@1.0.0:
    resolution: {integrity: sha512-NM8/P9n3XjXhIZn1lLhkFaACTOURQXjWhV4BA/RnOv8xvgqtqpAX9IO4mRQxSx1Rlo4tqzeqb0sOlruaOy3dug==}
    dev: true

  /leac@0.6.0:
    resolution: {integrity: sha512-y+SqErxb8h7nE/fiEX07jsbuhrpO9lL8eca7/Y1nuWV2moNlXhyd59iDGcRf6moVyDMbmTNzL40SUyrFU/yDpg==}
    dev: true

  /lib0@0.2.88:
    resolution: {integrity: sha512-KyroiEvCeZcZEMx5Ys+b4u4eEBbA1ch7XUaBhYpwa/nPMrzTjUhI4RfcytmQfYoTBPcdyx+FX6WFNIoNuJzJfQ==}
    engines: {node: '>=16'}
    hasBin: true
    dependencies:
      isomorphic.js: 0.2.5
    dev: false

  /libbase64@1.2.1:
    resolution: {integrity: sha512-l+nePcPbIG1fNlqMzrh68MLkX/gTxk/+vdvAb388Ssi7UuUN31MI44w4Yf33mM3Cm4xDfw48mdf3rkdHszLNew==}
    dev: true

  /libmime@5.2.0:
    resolution: {integrity: sha512-X2U5Wx0YmK0rXFbk67ASMeqYIkZ6E5vY7pNWRKtnNzqjvdYYG8xtPDpCnuUEnPU9vlgNev+JoSrcaKSUaNvfsw==}
    dependencies:
      encoding-japanese: 2.0.0
      iconv-lite: 0.6.3
      libbase64: 1.2.1
      libqp: 2.0.1
    dev: true

  /libmime@5.2.1:
    resolution: {integrity: sha512-A0z9O4+5q+ZTj7QwNe/Juy1KARNb4WaviO4mYeFC4b8dBT2EEqK2pkM+GC8MVnkOjqhl5nYQxRgnPYRRTNmuSQ==}
    dependencies:
      encoding-japanese: 2.0.0
      iconv-lite: 0.6.3
      libbase64: 1.2.1
      libqp: 2.0.1
    dev: true

  /libqp@2.0.1:
    resolution: {integrity: sha512-Ka0eC5LkF3IPNQHJmYBWljJsw0UvM6j+QdKRbWyCdTmYwvIDE6a7bCm0UkTAL/K+3KXK5qXT/ClcInU01OpdLg==}
    dev: true

  /linkify-it@5.0.0:
    resolution: {integrity: sha512-5aHCbzQRADcdP+ATqnDuhhJ/MRIqDkZX5pyjFHRRysS8vZ5AbqGEoFIb6pYHPZ+L/OC2Lc+xT8uHVVR5CAK/wQ==}
    dependencies:
      uc.micro: 2.0.0
    dev: true

  /mailparser@3.6.6:
    resolution: {integrity: sha512-noCjBl3FToxmqTP2fp7z17hQsiCroWNntfTd8O+UejOAF59xeN5WGZK27ilexXV2e2X/cbUhG3L8sfEKaz0/sw==}
    dependencies:
      encoding-japanese: 2.0.0
      he: 1.2.0
      html-to-text: 9.0.5
      iconv-lite: 0.6.3
      libmime: 5.2.1
      linkify-it: 5.0.0
      mailsplit: 5.4.0
      nodemailer: 6.9.8
      tlds: 1.248.0
    dev: true

  /mailsplit@5.4.0:
    resolution: {integrity: sha512-wnYxX5D5qymGIPYLwnp6h8n1+6P6vz/MJn5AzGjZ8pwICWssL+CCQjWBIToOVHASmATot4ktvlLo6CyLfOXWYA==}
    dependencies:
      libbase64: 1.2.1
      libmime: 5.2.0
      libqp: 2.0.1
    dev: true

  /merge-stream@2.0.0:
    resolution: {integrity: sha512-abv/qOcuPfk3URPfDzmZU1LKmuw8kT+0nIHvKrKgFrwifol/doWcdA4ZqsWQ8ENrFKkd67Mfpo/LovbIUsbt3w==}
    dev: true

  /mimic-fn@4.0.0:
    resolution: {integrity: sha512-vqiC06CuhBTUdZH+RYl8sFrL096vA45Ok5ISO6sE/Mr1jRbGH4Csnhi8f3wKVl7x8mO4Au7Ir9D3Oyv1VYMFJw==}
    engines: {node: '>=12'}
    dev: true

  /minimalistic-assert@1.0.1:
    resolution: {integrity: sha512-UtJcAD4yEaGtjPezWuO9wC4nwUnVH/8/Im3yEHQP4b67cXlD/Qr9hdITCU1xDbSEXg2XKNaP8jsReV7vQd00/A==}
    dev: true

  /mnemonist@0.39.7:
    resolution: {integrity: sha512-ix3FwHWZgdXUt0dHM8bCrI4r1KMeYx8bCunPCYmvKXq4tn6gbNsqrsb4q0kDbDqbpIOvEaW5Sn+dmDwGydfrwA==}
    dependencies:
      obliterator: 2.0.4
    dev: true

  /murmurhash3js-revisited@3.0.0:
    resolution: {integrity: sha512-/sF3ee6zvScXMb1XFJ8gDsSnY+X8PbOyjIuBhtgis10W2Jx4ZjIhikUCIF9c4gpJxVnQIsPAFrSwTCuAjicP6g==}
    engines: {node: '>=8.0.0'}
    dev: true

  /nodemailer@6.9.8:
    resolution: {integrity: sha512-cfrYUk16e67Ks051i4CntM9kshRYei1/o/Gi8K1d+R34OIs21xdFnW7Pt7EucmVKA0LKtqUGNcjMZ7ehjl49mQ==}
    engines: {node: '>=6.0.0'}
    dev: true

  /npm-run-path@5.2.0:
    resolution: {integrity: sha512-W4/tgAXFqFA0iL7fk0+uQ3g7wkL8xJmx3XdK0VGb4cHW//eZTtKGvFBBoRKVTpY7n6ze4NL9ly7rgXcHufqXKg==}
    engines: {node: ^12.20.0 || ^14.13.1 || >=16.0.0}
    dependencies:
      path-key: 4.0.0
    dev: true

  /obliterator@2.0.4:
    resolution: {integrity: sha512-lgHwxlxV1qIg1Eap7LgIeoBWIMFibOjbrYPIPJZcI1mmGAI2m3lNYpK12Y+GBdPQ0U1hRwSord7GIaawz962qQ==}
    dev: true

  /onetime@6.0.0:
    resolution: {integrity: sha512-1FlR+gjXK7X+AsAHso35MnyN5KqGwJRi/31ft6x0M194ht7S+rWAvd7PHss9xSKMzE0asv1pyIHaJYq+BbacAQ==}
    engines: {node: '>=12'}
    dependencies:
      mimic-fn: 4.0.0
    dev: true

  /p-defer@4.0.0:
    resolution: {integrity: sha512-Vb3QRvQ0Y5XnF40ZUWW7JfLogicVh/EnA5gBIvKDJoYpeI82+1E3AlB9yOcKFS0AhHrWVnAQO39fbR0G99IVEQ==}
    engines: {node: '>=12'}
    dev: true

  /p-event@6.0.0:
    resolution: {integrity: sha512-Xbfxd0CfZmHLGKXH32k1JKjQYX6Rkv0UtQdaFJ8OyNcf+c0oWCeXHc1C4CX/IESZLmcvfPa5aFIO/vCr5gqtag==}
    engines: {node: '>=16.17'}
    dependencies:
      p-timeout: 6.1.2
    dev: true

  /p-lazy@4.0.0:
    resolution: {integrity: sha512-8lIogVWwqBkiBy4FpylVHLalB9dZ25B2zBdY4OGGknDPWB7ehf2jyxmbh8z3MZsfbERLNU266h9Yx3cxHn3lFg==}
    engines: {node: '>=12'}
    dev: true

  /p-timeout@6.1.2:
    resolution: {integrity: sha512-UbD77BuZ9Bc9aABo74gfXhNvzC9Tx7SxtHSh1fxvx3jTLLYvmVhiQZZrJzqqU0jKbN32kb5VOKiLEQI/3bIjgQ==}
    engines: {node: '>=14.16'}
    dev: true

  /pako@2.1.0:
    resolution: {integrity: sha512-w+eufiZ1WuJYgPXbV/PO3NCMEc3xqylkKHzp8bxp1uW4qaSNQUkwmLLEc3kKsfz8lpV1F8Ht3U1Cm+9Srog2ug==}
    dev: true

  /parseley@0.12.1:
    resolution: {integrity: sha512-e6qHKe3a9HWr0oMRVDTRhKce+bRO8VGQR3NyVwcjwrbhMmFCX9KszEV35+rn4AdilFAq9VPxP/Fe1wC9Qjd2lw==}
    dependencies:
      leac: 0.6.0
      peberminta: 0.9.0
    dev: true

  /path-key@3.1.1:
    resolution: {integrity: sha512-ojmeN0qd+y0jszEtoY48r0Peq5dwMEkIlCOu6Q5f41lfkswXuKtYrhgoTpLnyIcHm24Uhqx+5Tqm2InSwLhE6Q==}
    engines: {node: '>=8'}
    dev: true

  /path-key@4.0.0:
    resolution: {integrity: sha512-haREypq7xkM7ErfgIyA0z+Bj4AGKlMSdlQE2jvJo6huWD1EdkKYV+G/T4nq0YEF2vgTT8kqMFKo1uHn950r4SQ==}
    engines: {node: '>=12'}
    dev: true

  /peberminta@0.9.0:
    resolution: {integrity: sha512-XIxfHpEuSJbITd1H3EeQwpcZbTLHc+VVr8ANI9t5sit565tsI4/xK3KWTUFE2e6QiangUkh3B0jihzmGnNrRsQ==}
    dev: true

  /prepend-http@4.0.0:
    resolution: {integrity: sha512-s6SRDuOuRo7JXWh7115pmJdh53sX0Azuk/3znjVxSoD4GusXzzBDrLQgH0rspeHNs5f+Yihz7JIT3UBMwFEn6Q==}
    engines: {node: ^12.20.0 || ^14.13.1 || >=16.0.0}
    dev: true

  /punycode@2.3.1:
    resolution: {integrity: sha512-vYt7UD1U9Wg6138shLtLOvdAu+8DsC/ilFtEVHcH+wydcSpNE20AfSOduf6MkRFahL5FY7X1oU7nKVZFtfq8Fg==}
    engines: {node: '>=6'}
    dev: true

  /readable-stream@1.1.14:
    resolution: {integrity: sha512-+MeVjFf4L44XUkhM1eYbD8fyEsxcV81pqMSR5gblfcLCHfZvbrqy4/qYHE+/R5HoBUT11WV5O08Cr1n3YXkWVQ==}
    dependencies:
      core-util-is: 1.0.3
      inherits: 2.0.4
      isarray: 0.0.1
      string_decoder: 0.10.31
    dev: true

  /require-from-string@2.0.2:
    resolution: {integrity: sha512-Xf0nWe6RseziFMu+Ap9biiUbmplq6S9/p+7w7YXP/JBHhrUDDUhwa+vANyubuqfZWTveU//DYVGsDG7RKL/vEw==}
    engines: {node: '>=0.10.0'}
    dev: true

  /retry@0.13.1:
    resolution: {integrity: sha512-XQBQ3I8W1Cge0Seh+6gjj03LbmRFWuoszgK9ooCpwYIrhhoO80pfq4cUkU5DkknwfOfFteRwlZ56PYOGYyFWdg==}
    engines: {node: '>= 4'}
    dev: true

  /safer-buffer@2.1.2:
    resolution: {integrity: sha512-YZo3K82SD7Riyi0E1EQPojLz7kpepnSQI9IyPbHHg1XXXevb5dJI7tpyN2ADxGcQbHG7vcyRHk0cbwqcQriUtg==}
    dev: true

  /selderee@0.11.0:
    resolution: {integrity: sha512-5TF+l7p4+OsnP8BCCvSyZiSPc4x4//p5uPwK8TCnVPJYRmU2aYKMpOXvw8zM5a5JvuuCGN1jmsMwuU2W02ukfA==}
    dependencies:
      parseley: 0.12.1
    dev: true

  /semver@5.3.0:
    resolution: {integrity: sha512-mfmm3/H9+67MCVix1h+IXTpDwL6710LyHuk7+cWC9T1mE0qz4iHhh6r4hU2wrIT9iTsAAC2XQRvfblL028cpLw==}
    hasBin: true
    dev: true

  /shebang-command@2.0.0:
    resolution: {integrity: sha512-kHxr2zZpYtdmrN1qDjrrX/Z1rR1kG8Dx+gkpK1G4eXmvXswmcE1hTWBWYUzlraYw1/yZp6YuDY77YtvbN0dmDA==}
    engines: {node: '>=8'}
    dependencies:
      shebang-regex: 3.0.0
    dev: true

  /shebang-regex@3.0.0:
    resolution: {integrity: sha512-7++dFhtcx3353uBaq8DDR4NuxBetBzC7ZQOhmTQInHEd6bSrXdiEyzCvG07Z44UYdLShWUyXt5M/yhz8ekcb1A==}
    engines: {node: '>=8'}
    dev: true

  /signal-exit@4.1.0:
    resolution: {integrity: sha512-bzyZ1e88w9O1iNJbKnOlvYTrWPDl46O1bG0D3XInv+9tkPrxrN8jUUTiFlDkkmKWgn1M6CfIA13SuGqOa9Korw==}
    engines: {node: '>=14'}
    dev: true

  /streaming-iterables@8.0.1:
    resolution: {integrity: sha512-yfQdmUB1b+rGLZkD/r6YisT/eNOjZxBAckXKlzYNmRJnwSzHaiScykD8gsQceFcShtK09qAbLhOqvzIpnBPoDQ==}
    engines: {node: '>=18'}
    dev: true

  /string_decoder@0.10.31:
    resolution: {integrity: sha512-ev2QzSzWPYmy9GuqfIVildA4OdcGLeFZQrq5ys6RtiuF+RQQiZWr8TZNyAcuVXyQRYfEO+MsoB/1BuQVhOJuoQ==}
    dev: true

  /strip-final-newline@3.0.0:
    resolution: {integrity: sha512-dOESqjYr96iWYylGObzd39EuNTa5VJxyvVAEm5Jnh7KGo75V43Hk1odPQkNDyXNmUR6k+gEiDVXnjB8HJ3crXw==}
    engines: {node: '>=12'}
    dev: true

  /throat@6.0.2:
    resolution: {integrity: sha512-WKexMoJj3vEuK0yFEapj8y64V0A6xcuPuK9Gt1d0R+dzCSJc0lHqQytAbSB4cDAK0dWh4T0E2ETkoLE2WZ41OQ==}
    dev: true

  /tlds@1.248.0:
    resolution: {integrity: sha512-noj0KdpWTBhwsKxMOXk0rN9otg4kTgLm4WohERRHbJ9IY+kSDKr3RmjitaQ3JFzny+DyvBOQKlFZhp0G0qNSfg==}
    hasBin: true
    dev: true

  /tslib@2.6.2:
    resolution: {integrity: sha512-AEYxH93jGFPn/a2iVAwW87VuUIkR1FVUKB77NwMF7nBTDkDrrT/Hpt/IrCJ0QXhW27jTBDcf5ZY7w6RiqTMw2Q==}

  /type-fest@4.10.1:
    resolution: {integrity: sha512-7ZnJYTp6uc04uYRISWtiX3DSKB/fxNQT0B5o1OUeCqiQiwF+JC9+rJiZIDrPrNCLLuTqyQmh4VdQqh/ZOkv9MQ==}
    engines: {node: '>=16'}
    dev: true

  /typescript-event-target@1.1.0:
    resolution: {integrity: sha512-PMrzUVryhnUq2n8M7tjNHNRuIHlUqly5RfGltBTpPCdVpbytgALTRDegF/t6+mFmmtBVhOqEYlbjVNBxwabIug==}
    dev: true

  /uc.micro@2.0.0:
    resolution: {integrity: sha512-DffL94LsNOccVn4hyfRe5rdKa273swqeA5DJpMOeFmEn1wCDc7nAbbB0gXlgBCL7TNzeTv6G7XVWzan7iJtfig==}
    dev: true

  /undici-types@5.26.5:
    resolution: {integrity: sha512-JlCMO+ehdEIKqlFxk6IfVoAUVmgz7cU7zD/h9XZ0qzeosSHmUJVOzSQvvYSYWXkFXC+IfLKSIffhv0sVZup6pA==}
    dev: true

  /uri-js@4.4.1:
    resolution: {integrity: sha512-7rKUyy33Q1yc98pQ1DAmLtwX109F7TIfWlW1Ydo8Wl1ii1SeHieeh0HHfPeL2fMXK6z0s8ecKs9frCuLJvndBg==}
    dependencies:
      punycode: 2.3.1
    dev: true

  /url-format-lax@2.0.0:
    resolution: {integrity: sha512-CkiFchmVicSktYp7Ide7BEJ1iUU4qFtqjawRQXmwW25e32nxzfFNFTn9+6SgQUvl1n6k3DbPz7vxmy+XtiSRLw==}
    engines: {node: '>=12'}
    dev: true

  /url-parse-lax@5.0.0:
    resolution: {integrity: sha512-nb/3+jhgBfN5r9RAGTDzHAXLjmFsAJjPfwaLeI3GOlMj0iUT8wlxNw7KEDfUpoZGdTquT3jDEBxay3fKvkKc6w==}
    engines: {node: ^12.20.0 || ^14.13.1 || >=16.0.0}
    dependencies:
      prepend-http: 4.0.0
    dev: true

  /utf7@1.0.2:
    resolution: {integrity: sha512-qQrPtYLLLl12NF4DrM9CvfkxkYI97xOb5dsnGZHE3teFr0tWiEZ9UdgMPczv24vl708cYMpe6mGXGHrotIp3Bw==}
    dependencies:
      semver: 5.3.0
    dev: true

  /which@2.0.2:
    resolution: {integrity: sha512-BLI3Tl1TW3Pvl70l3yq3Y64i+awpwXqsGBYWkkqMtnbXgrMD+yj7rhW0kuEDxzJaYXGjEW5ogapKNMEKNMjibA==}
    engines: {node: '>= 8'}
    hasBin: true
    dependencies:
      isexe: 2.0.0
    dev: true

  /ws@8.16.0:
    resolution: {integrity: sha512-HS0c//TP7Ina87TfiPUz1rQzMhHrl/SG2guqRcTOIUYD2q8uhUdNHZYJUaQ8aTGPzCh+c6oawMKW35nFl1dxyQ==}
    engines: {node: '>=10.0.0'}
    peerDependencies:
      bufferutil: ^4.0.1
      utf-8-validate: '>=5.0.2'
    peerDependenciesMeta:
      bufferutil:
        optional: true
      utf-8-validate:
        optional: true
    dev: true

  /yjs@13.6.11:
    resolution: {integrity: sha512-FvRRJKX9u270dOLkllGF/UDCWwmIv2Z+ucM4v1QO1TuxdmoiMnSUXH1HAcOKOrkBEhQtPTkxep7tD2DrQB+l0g==}
    engines: {node: '>=16.0.0', npm: '>=8.0.0'}
    dependencies:
      lib0: 0.2.88
    dev: false

  '@ndnts-nightly.ndn.today/endpoint.tgz':
    resolution: {tarball: https://ndnts-nightly.ndn.today/endpoint.tgz}
    name: '@ndn/endpoint'
    version: 0.0.20240122-nightly-4ebab5b
    dependencies:
      '@ndn/fw': '@ndnts-nightly.ndn.today/fw.tgz'
      '@ndn/packet': '@ndnts-nightly.ndn.today/packet.tgz'
      '@ndn/util': '@ndnts-nightly.ndn.today/util.tgz'
      it-pushable: 3.2.3
      streaming-iterables: 8.0.1
      tslib: 2.6.2
    dev: true

  '@ndnts-nightly.ndn.today/fw.tgz':
    resolution: {tarball: https://ndnts-nightly.ndn.today/fw.tgz}
    name: '@ndn/fw'
    version: 0.0.20240122-nightly-4ebab5b
    dependencies:
      '@ndn/packet': '@ndnts-nightly.ndn.today/packet.tgz'
      '@ndn/util': '@ndnts-nightly.ndn.today/util.tgz'
      '@types/retry': 0.12.5
      hirestime: 7.0.3
      it-pushable: 3.2.3
      mnemonist: 0.39.7
      retry: 0.13.1
      streaming-iterables: 8.0.1
      tslib: 2.6.2
      typescript-event-target: 1.1.0
    dev: true

  '@ndnts-nightly.ndn.today/keychain.tgz':
    resolution: {tarball: https://ndnts-nightly.ndn.today/keychain.tgz}
    name: '@ndn/keychain'
    version: 0.0.20240122-nightly-4ebab5b
    dependencies:
      '@ndn/naming-convention2': '@ndnts-nightly.ndn.today/naming-convention2.tgz'
      '@ndn/packet': '@ndnts-nightly.ndn.today/packet.tgz'
      '@ndn/tlv': '@ndnts-nightly.ndn.today/tlv.tgz'
      '@ndn/util': '@ndnts-nightly.ndn.today/util.tgz'
      '@yoursunny/asn1': 0.0.20200718
      '@yoursunny/webcrypto-ed25519': 0.0.20230624
      idb-keyval: 6.2.1
      mnemonist: 0.39.7
      throat: 6.0.2
      tslib: 2.6.2
    dev: true

  '@ndnts-nightly.ndn.today/l3face.tgz':
    resolution: {tarball: https://ndnts-nightly.ndn.today/l3face.tgz}
    name: '@ndn/l3face'
    version: 0.0.20240122-nightly-4ebab5b
    dependencies:
      '@ndn/fw': '@ndnts-nightly.ndn.today/fw.tgz'
      '@ndn/lp': '@ndnts-nightly.ndn.today/lp.tgz'
      '@ndn/packet': '@ndnts-nightly.ndn.today/packet.tgz'
      '@ndn/tlv': '@ndnts-nightly.ndn.today/tlv.tgz'
      '@ndn/util': '@ndnts-nightly.ndn.today/util.tgz'
      abortable-iterator: 5.0.1
      it-pushable: 3.2.3
      p-event: 6.0.0
      retry: 0.13.1
      streaming-iterables: 8.0.1
      tslib: 2.6.2
      type-fest: 4.10.1
      typescript-event-target: 1.1.0
    dev: true

  '@ndnts-nightly.ndn.today/lp.tgz':
    resolution: {tarball: https://ndnts-nightly.ndn.today/lp.tgz}
    name: '@ndn/lp'
    version: 0.0.20240122-nightly-4ebab5b
    dependencies:
      '@ndn/packet': '@ndnts-nightly.ndn.today/packet.tgz'
      '@ndn/tlv': '@ndnts-nightly.ndn.today/tlv.tgz'
      '@ndn/util': '@ndnts-nightly.ndn.today/util.tgz'
      it-keepalive: 1.2.0
      tslib: 2.6.2
    dev: true

  '@ndnts-nightly.ndn.today/naming-convention2.tgz':
    resolution: {tarball: https://ndnts-nightly.ndn.today/naming-convention2.tgz}
    name: '@ndn/naming-convention2'
    version: 0.0.20240122-nightly-4ebab5b
    dependencies:
      '@ndn/packet': '@ndnts-nightly.ndn.today/packet.tgz'
      '@ndn/tlv': '@ndnts-nightly.ndn.today/tlv.tgz'
      '@ndn/util': '@ndnts-nightly.ndn.today/util.tgz'
      tslib: 2.6.2
    dev: true

  '@ndnts-nightly.ndn.today/ndncert.tgz':
    resolution: {tarball: https://ndnts-nightly.ndn.today/ndncert.tgz}
    name: '@ndn/ndncert'
    version: 0.0.20240122-nightly-4ebab5b
    dependencies:
      '@ndn/endpoint': '@ndnts-nightly.ndn.today/endpoint.tgz'
      '@ndn/keychain': '@ndnts-nightly.ndn.today/keychain.tgz'
      '@ndn/naming-convention2': '@ndnts-nightly.ndn.today/naming-convention2.tgz'
      '@ndn/packet': '@ndnts-nightly.ndn.today/packet.tgz'
      '@ndn/rdr': '@ndnts-nightly.ndn.today/rdr.tgz'
      '@ndn/tlv': '@ndnts-nightly.ndn.today/tlv.tgz'
      '@ndn/util': '@ndnts-nightly.ndn.today/util.tgz'
      '@types/imap': 0.8.40
      '@types/nodemailer': 6.4.14
      ajv: 8.12.0
      b64-lite: 1.4.0
      imap-emails: 1.0.4(tslib@2.6.2)
      nodemailer: 6.9.8
      p-timeout: 6.1.2
      tslib: 2.6.2
      type-fest: 4.10.1
      typescript-event-target: 1.1.0
    dev: true

  '@ndnts-nightly.ndn.today/ndnsec.tgz':
    resolution: {tarball: https://ndnts-nightly.ndn.today/ndnsec.tgz}
    name: '@ndn/ndnsec'
    version: 0.0.20240122-nightly-4ebab5b
    dependencies:
      '@ndn/keychain': '@ndnts-nightly.ndn.today/keychain.tgz'
      '@ndn/packet': '@ndnts-nightly.ndn.today/packet.tgz'
      '@ndn/tlv': '@ndnts-nightly.ndn.today/tlv.tgz'
      '@ndn/util': '@ndnts-nightly.ndn.today/util.tgz'
      '@yoursunny/asn1': 0.0.20200718
      execa: 8.0.1
      throat: 6.0.2
      tslib: 2.6.2
    dev: true

  '@ndnts-nightly.ndn.today/nfdmgmt.tgz':
    resolution: {tarball: https://ndnts-nightly.ndn.today/nfdmgmt.tgz}
    name: '@ndn/nfdmgmt'
    version: 0.0.20240122-nightly-4ebab5b
    dependencies:
      '@ndn/endpoint': '@ndnts-nightly.ndn.today/endpoint.tgz'
      '@ndn/fw': '@ndnts-nightly.ndn.today/fw.tgz'
      '@ndn/keychain': '@ndnts-nightly.ndn.today/keychain.tgz'
      '@ndn/packet': '@ndnts-nightly.ndn.today/packet.tgz'
      '@ndn/segmented-object': '@ndnts-nightly.ndn.today/segmented-object.tgz'
      '@ndn/tlv': '@ndnts-nightly.ndn.today/tlv.tgz'
      '@ndn/util': '@ndnts-nightly.ndn.today/util.tgz'
      obliterator: 2.0.4
      tslib: 2.6.2
    dev: true

  '@ndnts-nightly.ndn.today/node-transport.tgz':
    resolution: {tarball: https://ndnts-nightly.ndn.today/node-transport.tgz}
    name: '@ndn/node-transport'
    version: 0.0.20240122-nightly-4ebab5b
    dependencies:
      '@ndn/l3face': '@ndnts-nightly.ndn.today/l3face.tgz'
      event-iterator: 2.0.0
      tslib: 2.6.2
      type-fest: 4.10.1
      url-format-lax: 2.0.0
      url-parse-lax: 5.0.0
    dev: true

  '@ndnts-nightly.ndn.today/packet.tgz':
    resolution: {tarball: https://ndnts-nightly.ndn.today/packet.tgz}
    name: '@ndn/packet'
    version: 0.0.20240122-nightly-4ebab5b
    dependencies:
      '@ndn/tlv': '@ndnts-nightly.ndn.today/tlv.tgz'
      '@ndn/util': '@ndnts-nightly.ndn.today/util.tgz'
      buffer-compare: 1.1.1
      mnemonist: 0.39.7
      tslib: 2.6.2
      type-fest: 4.10.1
    dev: true

  '@ndnts-nightly.ndn.today/rdr.tgz':
    resolution: {tarball: https://ndnts-nightly.ndn.today/rdr.tgz}
    name: '@ndn/rdr'
    version: 0.0.20240122-nightly-4ebab5b
    dependencies:
      '@ndn/endpoint': '@ndnts-nightly.ndn.today/endpoint.tgz'
      '@ndn/naming-convention2': '@ndnts-nightly.ndn.today/naming-convention2.tgz'
      '@ndn/packet': '@ndnts-nightly.ndn.today/packet.tgz'
      '@ndn/tlv': '@ndnts-nightly.ndn.today/tlv.tgz'
      tslib: 2.6.2
    dev: true

  '@ndnts-nightly.ndn.today/repo-api.tgz':
    resolution: {tarball: https://ndnts-nightly.ndn.today/repo-api.tgz}
    name: '@ndn/repo-api'
    version: 0.0.20240122-nightly-4ebab5b
    dependencies:
      '@ndn/l3face': '@ndnts-nightly.ndn.today/l3face.tgz'
      '@ndn/naming-convention2': '@ndnts-nightly.ndn.today/naming-convention2.tgz'
      '@ndn/packet': '@ndnts-nightly.ndn.today/packet.tgz'
      '@ndn/rdr': '@ndnts-nightly.ndn.today/rdr.tgz'
      '@ndn/tlv': '@ndnts-nightly.ndn.today/tlv.tgz'
      '@ndn/util': '@ndnts-nightly.ndn.today/util.tgz'
      is-stream: 3.0.0
      it-pushable: 3.2.3
      p-defer: 4.0.0
      p-event: 6.0.0
      streaming-iterables: 8.0.1
      throat: 6.0.2
      tslib: 2.6.2
      typescript-event-target: 1.1.0
    dev: true

  '@ndnts-nightly.ndn.today/segmented-object.tgz':
    resolution: {tarball: https://ndnts-nightly.ndn.today/segmented-object.tgz}
    name: '@ndn/segmented-object'
    version: 0.0.20240122-nightly-4ebab5b
    dependencies:
      '@ndn/endpoint': '@ndnts-nightly.ndn.today/endpoint.tgz'
      '@ndn/fw': '@ndnts-nightly.ndn.today/fw.tgz'
      '@ndn/naming-convention2': '@ndnts-nightly.ndn.today/naming-convention2.tgz'
      '@ndn/packet': '@ndnts-nightly.ndn.today/packet.tgz'
      '@ndn/util': '@ndnts-nightly.ndn.today/util.tgz'
      event-iterator: 2.0.0
      hirestime: 7.0.3
      mnemonist: 0.39.7
      p-defer: 4.0.0
      p-event: 6.0.0
      p-lazy: 4.0.0
      streaming-iterables: 8.0.1
      tslib: 2.6.2
      typescript-event-target: 1.1.0
    dev: true

  '@ndnts-nightly.ndn.today/sync.tgz':
    resolution: {tarball: https://ndnts-nightly.ndn.today/sync.tgz}
    name: '@ndn/sync'
    version: 0.0.20240122-nightly-4ebab5b
    dependencies:
      '@ndn/endpoint': '@ndnts-nightly.ndn.today/endpoint.tgz'
      '@ndn/naming-convention2': '@ndnts-nightly.ndn.today/naming-convention2.tgz'
      '@ndn/packet': '@ndnts-nightly.ndn.today/packet.tgz'
      '@ndn/repo-api': '@ndnts-nightly.ndn.today/repo-api.tgz'
      '@ndn/segmented-object': '@ndnts-nightly.ndn.today/segmented-object.tgz'
      '@ndn/tlv': '@ndnts-nightly.ndn.today/tlv.tgz'
      '@ndn/util': '@ndnts-nightly.ndn.today/util.tgz'
      '@yoursunny/psync-bloom': github.com/yoursunny/PSyncBloom-wasm/d4f18babd44f142021046d5a76ae92efbc5a49d3
      applymixins: 1.1.0
      mnemonist: 0.39.7
      murmurhash3js-revisited: 3.0.0
      obliterator: 2.0.4
      p-defer: 4.0.0
      pako: 2.1.0
      streaming-iterables: 8.0.1
      tslib: 2.6.2
      typescript-event-target: 1.1.0
    dev: true

  '@ndnts-nightly.ndn.today/tlv.tgz':
    resolution: {tarball: https://ndnts-nightly.ndn.today/tlv.tgz}
    name: '@ndn/tlv'
    version: 0.0.20240122-nightly-4ebab5b
    dependencies:
      '@ndn/util': '@ndnts-nightly.ndn.today/util.tgz'
      mnemonist: 0.39.7
      tslib: 2.6.2
      type-fest: 4.10.1
    dev: true

  '@ndnts-nightly.ndn.today/util.tgz':
    resolution: {tarball: https://ndnts-nightly.ndn.today/util.tgz}
    name: '@ndn/util'
    version: 0.0.20240122-nightly-4ebab5b
    engines: {node: ^18.18.0 || ^20.0.0 || ^21.0.0}
    dependencies:
      '@types/minimalistic-assert': 1.0.3
      minimalistic-assert: 1.0.1
      streaming-iterables: 8.0.1
      tslib: 2.6.2
    dev: true

  '@ndnts-nightly.ndn.today/ws-transport.tgz':
    resolution: {tarball: https://ndnts-nightly.ndn.today/ws-transport.tgz}
    name: '@ndn/ws-transport'
    version: 0.0.20240122-nightly-4ebab5b
    dependencies:
      '@ndn/l3face': '@ndnts-nightly.ndn.today/l3face.tgz'
      '@types/ws': 8.5.10
      event-iterator: 2.0.0
      tslib: 2.6.2
      ws: 8.16.0
    transitivePeerDependencies:
      - bufferutil
      - utf-8-validate
    dev: true

  github.com/yoursunny/PSyncBloom-wasm/d4f18babd44f142021046d5a76ae92efbc5a49d3:
    resolution: {tarball: https://codeload.github.com/yoursunny/PSyncBloom-wasm/tar.gz/d4f18babd44f142021046d5a76ae92efbc5a49d3}
    name: '@yoursunny/psync-bloom'
    version: 0.0.0
    dev: true
